{
  "name": "visual-regression",
  "version": "1.0.0",
  "lockfileVersion": 2,
  "requires": true,
  "packages": {
    "": {
      "name": "visual-regression",
      "version": "1.0.0",
      "devDependencies": {
        "odiff-bin": "^2.6.1"
      }
    },
    "node_modules/odiff-bin": {
      "version": "2.6.1",
      "resolved": "https://registry.npmjs.org/odiff-bin/-/odiff-bin-2.6.1.tgz",
      "integrity": "sha512-SeI3ehAqjQUMlUkGjvIFGKoHZIO3zG1N1wMRhf7ojM7Vb+HcyB2RKSSCu7kbvYVtSdZADEBSJ7nvP/d7iBLivA==",
      "dev": true,
      "hasInstallScript": true,
      "bin": {
        "odiff": "bin/odiff"
      }
    }
  },
  "dependencies": {
    "odiff-bin": {
      "version": "2.6.1",
      "resolved": "https://registry.npmjs.org/odiff-bin/-/odiff-bin-2.6.1.tgz",
      "integrity": "sha512-SeI3ehAqjQUMlUkGjvIFGKoHZIO3zG1N1wMRhf7ojM7Vb+HcyB2RKSSCu7kbvYVtSdZADEBSJ7nvP/d7iBLivA==",
      "dev": true
    }
  }
}
